
Microsoft Visual Studio Solution File, Format Version 12.00
# Visual Studio Version 16
VisualStudioVersion = 16.0.32510.428
MinimumVisualStudioVersion = 10.0.40219.1
Project("{9A19103F-16F7-4668-BE54-9A1E7A4F7556}") = "AspCoreEmployeeManagement.ConsumeAPI", "EmployeeManagement.ConsumeAPI\AspCoreEmployeeManagement.ConsumeAPI.csproj", "{0C47200B-5972-4569-8FB6-AFC1A61D07CE}"
EndProject
Global
	GlobalSection(SolutionConfigurationPlatforms) = preSolution
		Debug|Any CPU = Debug|Any CPU
		Release|Any CPU = Release|Any CPU
	EndGlobalSection
	GlobalSection(ProjectConfigurationPlatforms) = postSolution
		{0C47200B-5972-4569-8FB6-AFC1A61D07CE}.Debug|Any CPU.ActiveCfg = Debug|Any CPU
		{0C47200B-5972-4569-8FB6-AFC1A61D07CE}.Debug|Any CPU.Build.0 = Debug|Any CPU
		{0C47200B-5972-4569-8FB6-AFC1A61D07CE}.Release|Any CPU.ActiveCfg = Release|Any CPU
		{0C47200B-5972-4569-8FB6-AFC1A61D07CE}.Release|Any CPU.Build.0 = Release|Any CPU
	EndGlobalSection
	GlobalSection(SolutionProperties) = preSolution
		HideSolutionNode = FALSE
	EndGlobalSection
	GlobalSection(ExtensibilityGlobals) = postSolution
		SolutionGuid = {1D69A63B-E7EC-4A52-AD71-29E000795410}
	EndGlobalSection
EndGlobal
